
Microsoft Visual Studio Solution File, Format Version 12.00
# Visual Studio 2012
Project("{FAE04EC0-301F-11D3-BF4B-00C04F79EFBC}") = "DeCaptcha", "DeCaptcha\DeCaptcha.csproj", "{325042D1-9E56-43C0-A93B-5AE87BA2F044}"
EndProject
Global
	GlobalSection(SolutionConfigurationPlatforms) = preSolution
		Debug|Any CPU = Debug|Any CPU
		Release|Any CPU = Release|Any CPU
	EndGlobalSection
	GlobalSection(ProjectConfigurationPlatforms) = postSolution
		{325042D1-9E56-43C0-A93B-5AE87BA2F044}.Debug|Any CPU.ActiveCfg = Debug|Any CPU
		{325042D1-9E56-43C0-A93B-5AE87BA2F044}.Debug|Any CPU.Build.0 = Debug|Any CPU
		{325042D1-9E56-43C0-A93B-5AE87BA2F044}.Release|Any CPU.ActiveCfg = Release|Any CPU
		{325042D1-9E56-43C0-A93B-5AE87BA2F044}.Release|Any CPU.Build.0 = Release|Any CPU
	EndGlobalSection
	GlobalSection(SolutionProperties) = preSolution
		HideSolutionNode = FALSE
	EndGlobalSection
EndGlobal
